
Microsoft Visual Studio Solution File, Format Version 12.00
# Visual Studio Version 16
VisualStudioVersion = 16.0.30611.23
MinimumVisualStudioVersion = 10.0.40219.1
Project("{FAE04EC0-301F-11D3-BF4B-00C04F79EFBC}") = "Tarea2.2", "Tarea2.2.csproj", "{388E4E3D-691D-42EB-B12E-CEDC55CAAC42}"
EndProject
Global
	GlobalSection(SolutionConfigurationPlatforms) = preSolution
		Debug|Any CPU = Debug|Any CPU
		Release|Any CPU = Release|Any CPU
	EndGlobalSection
	GlobalSection(ProjectConfigurationPlatforms) = postSolution
		{388E4E3D-691D-42EB-B12E-CEDC55CAAC42}.Debug|Any CPU.ActiveCfg = Debug|Any CPU
		{388E4E3D-691D-42EB-B12E-CEDC55CAAC42}.Debug|Any CPU.Build.0 = Debug|Any CPU
		{388E4E3D-691D-42EB-B12E-CEDC55CAAC42}.Release|Any CPU.ActiveCfg = Release|Any CPU
		{388E4E3D-691D-42EB-B12E-CEDC55CAAC42}.Release|Any CPU.Build.0 = Release|Any CPU
	EndGlobalSection
	GlobalSection(SolutionProperties) = preSolution
		HideSolutionNode = FALSE
	EndGlobalSection
	GlobalSection(ExtensibilityGlobals) = postSolution
		SolutionGuid = {9B1182C7-4CDF-42BA-8334-110F5CF5AD50}
	EndGlobalSection
EndGlobal
